// !$*UTF8*$!
{
	archiveVersion = 1;
	classes = {
	};
	objectVersion = 46;
	objects = {

/* Begin PBXBuildFile section */
		BBE92CF218E341FC002ECA40 /* Foundation.framework in Frameworks */ = {isa = PBXBuildFile; fileRef = BBE92CF118E341FC002ECA40 /* Foundation.framework */; };
		BBE92CF418E341FC002ECA40 /* CoreGraphics.framework in Frameworks */ = {isa = PBXBuildFile; fileRef = BBE92CF318E341FC002ECA40 /* CoreGraphics.framework */; };
		BBE92CF618E341FC002ECA40 /* UIKit.framework in Frameworks */ = {isa = PBXBuildFile; fileRef = BBE92CF518E341FC002ECA40 /* UIKit.framework */; };
		BBE92CFC18E341FC002ECA40 /* InfoPlist.strings in Resources */ = {isa = PBXBuildFile; fileRef = BBE92CFA18E341FC002ECA40 /* InfoPlist.strings */; };
		BBE92CFE18E341FC002ECA40 /* main.m in Sources */ = {isa = PBXBuildFile; fileRef = BBE92CFD18E341FC002ECA40 /* main.m */; };
		BBE92D0218E341FC002ECA40 /* AppDelegate.m in Sources */ = {isa = PBXBuildFile; fileRef = BBE92D0118E341FC002ECA40 /* AppDelegate.m */; };
		BBE92D0518E341FC002ECA40 /* Main.storyboard in Resources */ = {isa = PBXBuildFile; fileRef = BBE92D0318E341FC002ECA40 /* Main.storyboard */; };
		BBE92D0818E341FC002ECA40 /* ViewController.m in Sources */ = {isa = PBXBuildFile; fileRef = BBE92D0718E341FC002ECA40 /* ViewController.m */; };
		BBE92D0A18E341FC002ECA40 /* Images.xcassets in Resources */ = {isa = PBXBuildFile; fileRef = BBE92D0918E341FC002ECA40 /* Images.xcassets */; };
		BBE92D1118E341FC002ECA40 /* XCTest.framework in Frameworks */ = {isa = PBXBuildFile; fileRef = BBE92D1018E341FC002ECA40 /* XCTest.framework */; };
		BBE92D1218E341FC002ECA40 /* Foundation.framework in Frameworks */ = {isa = PBXBuildFile; fileRef = BBE92CF118E341FC002ECA40 /* Foundation.framework */; };
		BBE92D1318E341FC002ECA40 /* UIKit.framework in Frameworks */ = {isa = PBXBuildFile; fileRef = BBE92CF518E341FC002ECA40 /* UIKit.framework */; };
		BBE92D1B18E341FC002ECA40 /* InfoPlist.strings in Resources */ = {isa = PBXBuildFile; fileRef = BBE92D1918E341FC002ECA40 /* InfoPlist.strings */; };
		BBE92D1D18E341FC002ECA40 /* Quest_TravelTests.m in Sources */ = {isa = PBXBuildFile; fileRef = BBE92D1C18E341FC002ECA40 /* Quest_TravelTests.m */; };
		BBE92D2718E342CF002ECA40 /* MapKit.framework in Frameworks */ = {isa = PBXBuildFile; fileRef = BBE92D2618E342CF002ECA40 /* MapKit.framework */; };
		BBFBDA8D18E49C7300FDCFF0 /* free-paper-texture-2.jpg in Resources */ = {isa = PBXBuildFile; fileRef = BBFBDA8C18E49C7300FDCFF0 /* free-paper-texture-2.jpg */; };
		BBFBDA8F18E49CCD00FDCFF0 /* stainedpaper7.jpg in Resources */ = {isa = PBXBuildFile; fileRef = BBFBDA8E18E49CCD00FDCFF0 /* stainedpaper7.jpg */; };
		BBFBDA9218E4A85A00FDCFF0 /* images.jpg in Resources */ = {isa = PBXBuildFile; fileRef = BBFBDA9018E4A85A00FDCFF0 /* images.jpg */; };
		BBFBDA9318E4A85A00FDCFF0 /* verdanian_goblin.png in Resources */ = {isa = PBXBuildFile; fileRef = BBFBDA9118E4A85A00FDCFF0 /* verdanian_goblin.png */; };
/* End PBXBuildFile section */

/* Begin PBXContainerItemProxy section */
		BBE92D1418E341FC002ECA40 /* PBXContainerItemProxy */ = {
			isa = PBXContainerItemProxy;
			containerPortal = BBE92CE618E341FC002ECA40 /* Project object */;
			proxyType = 1;
			remoteGlobalIDString = BBE92CED18E341FC002ECA40;
			remoteInfo = "Quest Travel";
		};
/* End PBXContainerItemProxy section */

/* Begin PBXFileReference section */
		BBE92CEE18E341FC002ECA40 /* Quest Travel.app */ = {isa = PBXFileReference; explicitFileType = wrapper.application; includeInIndex = 0; path = "Quest Travel.app"; sourceTree = BUILT_PRODUCTS_DIR; };
		BBE92CF118E341FC002ECA40 /* Foundation.framework */ = {isa = PBXFileReference; lastKnownFileType = wrapper.framework; name = Foundation.framework; path = System/Library/Frameworks/Foundation.framework; sourceTree = SDKROOT; };
		BBE92CF318E341FC002ECA40 /* CoreGraphics.framework */ = {isa = PBXFileReference; lastKnownFileType = wrapper.framework; name = CoreGraphics.framework; path = System/Library/Frameworks/CoreGraphics.framework; sourceTree = SDKROOT; };
		BBE92CF518E341FC002ECA40 /* UIKit.framework */ = {isa = PBXFileReference; lastKnownFileType = wrapper.framework; name = UIKit.framework; path = System/Library/Frameworks/UIKit.framework; sourceTree = SDKROOT; };
		BBE92CF918E341FC002ECA40 /* Quest Travel-Info.plist */ = {isa = PBXFileReference; lastKnownFileType = text.plist.xml; path = "Quest Travel-Info.plist"; sourceTree = "<group>"; };
		BBE92CFB18E341FC002ECA40 /* en */ = {isa = PBXFileReference; lastKnownFileType = text.plist.strings; name = en; path = en.lproj/InfoPlist.strings; sourceTree = "<group>"; };
		BBE92CFD18E341FC002ECA40 /* main.m */ = {isa = PBXFileReference; lastKnownFileType = sourcecode.c.objc; path = main.m; sourceTree = "<group>"; };
		BBE92CFF18E341FC002ECA40 /* Quest Travel-Prefix.pch */ = {isa = PBXFileReference; lastKnownFileType = sourcecode.c.h; path = "Quest Travel-Prefix.pch"; sourceTree = "<group>"; };
		BBE92D0018E341FC002ECA40 /* AppDelegate.h */ = {isa = PBXFileReference; lastKnownFileType = sourcecode.c.h; path = AppDelegate.h; sourceTree = "<group>"; };
		BBE92D0118E341FC002ECA40 /* AppDelegate.m */ = {isa = PBXFileReference; lastKnownFileType = sourcecode.c.objc; path = AppDelegate.m; sourceTree = "<group>"; };
		BBE92D0418E341FC002ECA40 /* Base */ = {isa = PBXFileReference; lastKnownFileType = file.storyboard; name = Base; path = Base.lproj/Main.storyboard; sourceTree = "<group>"; };
		BBE92D0618E341FC002ECA40 /* ViewController.h */ = {isa = PBXFileReference; lastKnownFileType = sourcecode.c.h; path = ViewController.h; sourceTree = "<group>"; };
		BBE92D0718E341FC002ECA40 /* ViewController.m */ = {isa = PBXFileReference; lastKnownFileType = sourcecode.c.objc; path = ViewController.m; sourceTree = "<group>"; };
		BBE92D0918E341FC002ECA40 /* Images.xcassets */ = {isa = PBXFileReference; lastKnownFileType = folder.assetcatalog; path = Images.xcassets; sourceTree = "<group>"; };
		BBE92D0F18E341FC002ECA40 /* Quest TravelTests.xctest */ = {isa = PBXFileReference; explicitFileType = wrapper.cfbundle; includeInIndex = 0; path = "Quest TravelTests.xctest"; sourceTree = BUILT_PRODUCTS_DIR; };
		BBE92D1018E341FC002ECA40 /* XCTest.framework */ = {isa = PBXFileReference; lastKnownFileType = wrapper.framework; name = XCTest.framework; path = Library/Frameworks/XCTest.framework; sourceTree = DEVELOPER_DIR; };
		BBE92D1818E341FC002ECA40 /* Quest TravelTests-Info.plist */ = {isa = PBXFileReference; lastKnownFileType = text.plist.xml; path = "Quest TravelTests-Info.plist"; sourceTree = "<group>"; };
		BBE92D1A18E341FC002ECA40 /* en */ = {isa = PBXFileReference; lastKnownFileType = text.plist.strings; name = en; path = en.lproj/InfoPlist.strings; sourceTree = "<group>"; };
		BBE92D1C18E341FC002ECA40 /* Quest_TravelTests.m */ = {isa = PBXFileReference; lastKnownFileType = sourcecode.c.objc; path = Quest_TravelTests.m; sourceTree = "<group>"; };
		BBE92D2618E342CF002ECA40 /* MapKit.framework */ = {isa = PBXFileReference; lastKnownFileType = wrapper.framework; name = MapKit.framework; path = System/Library/Frameworks/MapKit.framework; sourceTree = SDKROOT; };
		BBFBDA8C18E49C7300FDCFF0 /* free-paper-texture-2.jpg */ = {isa = PBXFileReference; lastKnownFileType = image.jpeg; path = "free-paper-texture-2.jpg"; sourceTree = "<group>"; };
		BBFBDA8E18E49CCD00FDCFF0 /* stainedpaper7.jpg */ = {isa = PBXFileReference; lastKnownFileType = image.jpeg; path = stainedpaper7.jpg; sourceTree = "<group>"; };
		BBFBDA9018E4A85A00FDCFF0 /* images.jpg */ = {isa = PBXFileReference; lastKnownFileType = image.jpeg; path = images.jpg; sourceTree = "<group>"; };
		BBFBDA9118E4A85A00FDCFF0 /* verdanian_goblin.png */ = {isa = PBXFileReference; lastKnownFileType = image.png; path = verdanian_goblin.png; sourceTree = "<group>"; };
/* End PBXFileReference section */

/* Begin PBXFrameworksBuildPhase section */
		BBE92CEB18E341FC002ECA40 /* Frameworks */ = {
			isa = PBXFrameworksBuildPhase;
			buildActionMask = 2147483647;
			files = (
				BBE92D2718E342CF002ECA40 /* MapKit.framework in Frameworks */,
				BBE92CF418E341FC002ECA40 /* CoreGraphics.framework in Frameworks */,
				BBE92CF618E341FC002ECA40 /* UIKit.framework in Frameworks */,
				BBE92CF218E341FC002ECA40 /* Foundation.framework in Frameworks */,
			);
			runOnlyForDeploymentPostprocessing = 0;
		};
		BBE92D0C18E341FC002ECA40 /* Frameworks */ = {
			isa = PBXFrameworksBuildPhase;
			buildActionMask = 2147483647;
			files = (
				BBE92D1118E341FC002ECA40 /* XCTest.framework in Frameworks */,
				BBE92D1318E341FC002ECA40 /* UIKit.framework in Frameworks */,
				BBE92D1218E341FC002ECA40 /* Foundation.framework in Frameworks */,
			);
			runOnlyForDeploymentPostprocessing = 0;
		};
/* End PBXFrameworksBuildPhase section */

/* Begin PBXGroup section */
		BBE92CE518E341FC002ECA40 = {
			isa = PBXGroup;
			children = (
				BBE92CF718E341FC002ECA40 /* Quest Travel */,
				BBE92D1618E341FC002ECA40 /* Quest TravelTests */,
				BBE92CF018E341FC002ECA40 /* Frameworks */,
				BBE92CEF18E341FC002ECA40 /* Products */,
			);
			sourceTree = "<group>";
		};
		BBE92CEF18E341FC002ECA40 /* Products */ = {
			isa = PBXGroup;
			children = (
				BBE92CEE18E341FC002ECA40 /* Quest Travel.app */,
				BBE92D0F18E341FC002ECA40 /* Quest TravelTests.xctest */,
			);
			name = Products;
			sourceTree = "<group>";
		};
		BBE92CF018E341FC002ECA40 /* Frameworks */ = {
			isa = PBXGroup;
			children = (
				BBE92D2618E342CF002ECA40 /* MapKit.framework */,
				BBE92CF118E341FC002ECA40 /* Foundation.framework */,
				BBE92CF318E341FC002ECA40 /* CoreGraphics.framework */,
				BBE92CF518E341FC002ECA40 /* UIKit.framework */,
				BBE92D1018E341FC002ECA40 /* XCTest.framework */,
			);
			name = Frameworks;
			sourceTree = "<group>";
		};
		BBE92CF718E341FC002ECA40 /* Quest Travel */ = {
			isa = PBXGroup;
			children = (
				BBE92D0018E341FC002ECA40 /* AppDelegate.h */,
				BBE92D0118E341FC002ECA40 /* AppDelegate.m */,
				BBE92D0318E341FC002ECA40 /* Main.storyboard */,
				BBE92D0618E341FC002ECA40 /* ViewController.h */,
				BBE92D0718E341FC002ECA40 /* ViewController.m */,
				BBFBDA8E18E49CCD00FDCFF0 /* stainedpaper7.jpg */,
				BBFBDA8C18E49C7300FDCFF0 /* free-paper-texture-2.jpg */,
				BBFBDA9018E4A85A00FDCFF0 /* images.jpg */,
				BBFBDA9118E4A85A00FDCFF0 /* verdanian_goblin.png */,
				BBE92D0918E341FC002ECA40 /* Images.xcassets */,
				BBE92CF818E341FC002ECA40 /* Supporting Files */,
			);
			path = "Quest Travel";
			sourceTree = "<group>";
		};
		BBE92CF818E341FC002ECA40 /* Supporting Files */ = {
			isa = PBXGroup;
			children = (
				BBE92CF918E341FC002ECA40 /* Quest Travel-Info.plist */,
				BBE92CFA18E341FC002ECA40 /* InfoPlist.strings */,
				BBE92CFD18E341FC002ECA40 /* main.m */,
				BBE92CFF18E341FC002ECA40 /* Quest Travel-Prefix.pch */,
			);
			name = "Supporting Files";
			sourceTree = "<group>";
		};
		BBE92D1618E341FC002ECA40 /* Quest TravelTests */ = {
			isa = PBXGroup;
			children = (
				BBE92D1C18E341FC002ECA40 /* Quest_TravelTests.m */,
				BBE92D1718E341FC002ECA40 /* Supporting Files */,
			);
			path = "Quest TravelTests";
			sourceTree = "<group>";
		};
		BBE92D1718E341FC002ECA40 /* Supporting Files */ = {
			isa = PBXGroup;
			children = (
				BBE92D1818E341FC002ECA40 /* Quest TravelTests-Info.plist */,
				BBE92D1918E341FC002ECA40 /* InfoPlist.strings */,
			);
			name = "Supporting Files";
			sourceTree = "<group>";
		};
/* End PBXGroup section */

/* Begin PBXNativeTarget section */
		BBE92CED18E341FC002ECA40 /* Quest Travel */ = {
			isa = PBXNativeTarget;
			buildConfigurationList = BBE92D2018E341FC002ECA40 /* Build configuration list for PBXNativeTarget "Quest Travel" */;
			buildPhases = (
				BBE92CEA18E341FC002ECA40 /* Sources */,
				BBE92CEB18E341FC002ECA40 /* Frameworks */,
				BBE92CEC18E341FC002ECA40 /* Resources */,
			);
			buildRules = (
			);
			dependencies = (
			);
			name = "Quest Travel";
			productName = "Quest Travel";
			productReference = BBE92CEE18E341FC002ECA40 /* Quest Travel.app */;
			productType = "com.apple.product-type.application";
		};
		BBE92D0E18E341FC002ECA40 /* Quest TravelTests */ = {
			isa = PBXNativeTarget;
			buildConfigurationList = BBE92D2318E341FC002ECA40 /* Build configuration list for PBXNativeTarget "Quest TravelTests" */;
			buildPhases = (
				BBE92D0B18E341FC002ECA40 /* Sources */,
				BBE92D0C18E341FC002ECA40 /* Frameworks */,
				BBE92D0D18E341FC002ECA40 /* Resources */,
			);
			buildRules = (
			);
			dependencies = (
				BBE92D1518E341FC002ECA40 /* PBXTargetDependency */,
			);
			name = "Quest TravelTests";
			productName = "Quest TravelTests";
			productReference = BBE92D0F18E341FC002ECA40 /* Quest TravelTests.xctest */;
			productType = "com.apple.product-type.bundle.unit-test";
		};
/* End PBXNativeTarget section */

/* Begin PBXProject section */
		BBE92CE618E341FC002ECA40 /* Project object */ = {
			isa = PBXProject;
			attributes = {
				LastUpgradeCheck = 0500;
				ORGANIZATIONNAME = "LEON SALGUEIRO VALIENGO BERNI";
				TargetAttributes = {
					BBE92D0E18E341FC002ECA40 = {
						TestTargetID = BBE92CED18E341FC002ECA40;
					};
				};
			};
			buildConfigurationList = BBE92CE918E341FC002ECA40 /* Build configuration list for PBXProject "Quest Travel" */;
			compatibilityVersion = "Xcode 3.2";
			developmentRegion = English;
			hasScannedForEncodings = 0;
			knownRegions = (
				en,
				Base,
			);
			mainGroup = BBE92CE518E341FC002ECA40;
			productRefGroup = BBE92CEF18E341FC002ECA40 /* Products */;
			projectDirPath = "";
			projectRoot = "";
			targets = (
				BBE92CED18E341FC002ECA40 /* Quest Travel */,
				BBE92D0E18E341FC002ECA40 /* Quest TravelTests */,
			);
		};
/* End PBXProject section */

/* Begin PBXResourcesBuildPhase section */
		BBE92CEC18E341FC002ECA40 /* Resources */ = {
			isa = PBXResourcesBuildPhase;
			buildActionMask = 2147483647;
			files = (
				BBE92D0A18E341FC002ECA40 /* Images.xcassets in Resources */,
				BBE92CFC18E341FC002ECA40 /* InfoPlist.strings in Resources */,
				BBE92D0518E341FC002ECA40 /* Main.storyboard in Resources */,
				BBFBDA9318E4A85A00FDCFF0 /* verdanian_goblin.png in Resources */,
				BBFBDA8F18E49CCD00FDCFF0 /* stainedpaper7.jpg in Resources */,
				BBFBDA8D18E49C7300FDCFF0 /* free-paper-texture-2.jpg in Resources */,
				BBFBDA9218E4A85A00FDCFF0 /* images.jpg in Resources */,
			);
			runOnlyForDeploymentPostprocessing = 0;
		};
		BBE92D0D18E341FC002ECA40 /* Resources */ = {
			isa = PBXResourcesBuildPhase;
			buildActionMask = 2147483647;
			files = (
				BBE92D1B18E341FC002ECA40 /* InfoPlist.strings in Resources */,
			);
			runOnlyForDeploymentPostprocessing = 0;
		};
/* End PBXResourcesBuildPhase section */

/* Begin PBXSourcesBuildPhase section */
		BBE92CEA18E341FC002ECA40 /* Sources */ = {
			isa = PBXSourcesBuildPhase;
			buildActionMask = 2147483647;
			files = (
				BBE92D0818E341FC002ECA40 /* ViewController.m in Sources */,
				BBE92D0218E341FC002ECA40 /* AppDelegate.m in Sources */,
				BBE92CFE18E341FC002ECA40 /* main.m in Sources */,
			);
			runOnlyForDeploymentPostprocessing = 0;
		};
		BBE92D0B18E341FC002ECA40 /* Sources */ = {
			isa = PBXSourcesBuildPhase;
			buildActionMask = 2147483647;
			files = (
				BBE92D1D18E341FC002ECA40 /* Quest_TravelTests.m in Sources */,
			);
			runOnlyForDeploymentPostprocessing = 0;
		};
/* End PBXSourcesBuildPhase section */

/* Begin PBXTargetDependency section */
		BBE92D1518E341FC002ECA40 /* PBXTargetDependency */ = {
			isa = PBXTargetDependency;
			target = BBE92CED18E341FC002ECA40 /* Quest Travel */;
			targetProxy = BBE92D1418E341FC002ECA40 /* PBXContainerItemProxy */;
		};
/* End PBXTargetDependency section */

/* Begin PBXVariantGroup section */
		BBE92CFA18E341FC002ECA40 /* InfoPlist.strings */ = {
			isa = PBXVariantGroup;
			children = (
				BBE92CFB18E341FC002ECA40 /* en */,
			);
			name = InfoPlist.strings;
			sourceTree = "<group>";
		};
		BBE92D0318E341FC002ECA40 /* Main.storyboard */ = {
			isa = PBXVariantGroup;
			children = (
				BBE92D0418E341FC002ECA40 /* Base */,
			);
			name = Main.storyboard;
			sourceTree = "<group>";
		};
		BBE92D1918E341FC002ECA40 /* InfoPlist.strings */ = {
			isa = PBXVariantGroup;
			children = (
				BBE92D1A18E341FC002ECA40 /* en */,
			);
			name = InfoPlist.strings;
			sourceTree = "<group>";
		};
/* End PBXVariantGroup section */

/* Begin XCBuildConfiguration section */
		BBE92D1E18E341FC002ECA40 /* Debug */ = {
			isa = XCBuildConfiguration;
			buildSettings = {
				ALWAYS_SEARCH_USER_PATHS = NO;
				ARCHS = "$(ARCHS_STANDARD_INCLUDING_64_BIT)";
				CLANG_CXX_LANGUAGE_STANDARD = "gnu++0x";
				CLANG_CXX_LIBRARY = "libc++";
				CLANG_ENABLE_MODULES = YES;
				CLANG_ENABLE_OBJC_ARC = YES;
				CLANG_WARN_BOOL_CONVERSION = YES;
				CLANG_WARN_CONSTANT_CONVERSION = YES;
				CLANG_WARN_DIRECT_OBJC_ISA_USAGE = YES_ERROR;
				CLANG_WARN_EMPTY_BODY = YES;
				CLANG_WARN_ENUM_CONVERSION = YES;
				CLANG_WARN_INT_CONVERSION = YES;
				CLANG_WARN_OBJC_ROOT_CLASS = YES_ERROR;
				CLANG_WARN__DUPLICATE_METHOD_MATCH = YES;
				"CODE_SIGN_IDENTITY[sdk=iphoneos*]" = "iPhone Developer";
				COPY_PHASE_STRIP = NO;
				GCC_C_LANGUAGE_STANDARD = gnu99;
				GCC_DYNAMIC_NO_PIC = NO;
				GCC_OPTIMIZATION_LEVEL = 0;
				GCC_PREPROCESSOR_DEFINITIONS = (
					"DEBUG=1",
					"$(inherited)",
				);
				GCC_SYMBOLS_PRIVATE_EXTERN = NO;
				GCC_WARN_64_TO_32_BIT_CONVERSION = YES;
				GCC_WARN_ABOUT_RETURN_TYPE = YES_ERROR;
				GCC_WARN_UNDECLARED_SELECTOR = YES;
				GCC_WARN_UNINITIALIZED_AUTOS = YES;
				GCC_WARN_UNUSED_FUNCTION = YES;
				GCC_WARN_UNUSED_VARIABLE = YES;
				IPHONEOS_DEPLOYMENT_TARGET = 7.0;
				ONLY_ACTIVE_ARCH = YES;
				SDKROOT = iphoneos;
				TARGETED_DEVICE_FAMILY = 2;
			};
			name = Debug;
		};
		BBE92D1F18E341FC002ECA40 /* Release */ = {
			isa = XCBuildConfiguration;
			buildSettings = {
				ALWAYS_SEARCH_USER_PATHS = NO;
				ARCHS = "$(ARCHS_STANDARD_INCLUDING_64_BIT)";
				CLANG_CXX_LANGUAGE_STANDARD = "gnu++0x";
				CLANG_CXX_LIBRARY = "libc++";
				CLANG_ENABLE_MODULES = YES;
				CLANG_ENABLE_OBJC_ARC = YES;
				CLANG_WARN_BOOL_CONVERSION = YES;
				CLANG_WARN_CONSTANT_CONVERSION = YES;
				CLANG_WARN_DIRECT_OBJC_ISA_USAGE = YES_ERROR;
				CLANG_WARN_EMPTY_BODY = YES;
				CLANG_WARN_ENUM_CONVERSION = YES;
				CLANG_WARN_INT_CONVERSION = YES;
				CLANG_WARN_OBJC_ROOT_CLASS = YES_ERROR;
				CLANG_WARN__DUPLICATE_METHOD_MATCH = YES;
				"CODE_SIGN_IDENTITY[sdk=iphoneos*]" = "iPhone Developer";
				COPY_PHASE_STRIP = YES;
				ENABLE_NS_ASSERTIONS = NO;
				GCC_C_LANGUAGE_STANDARD = gnu99;
				GCC_WARN_64_TO_32_BIT_CONVERSION = YES;
				GCC_WARN_ABOUT_RETURN_TYPE = YES_ERROR;
				GCC_WARN_UNDECLARED_SELECTOR = YES;
				GCC_WARN_UNINITIALIZED_AUTOS = YES;
				GCC_WARN_UNUSED_FUNCTION = YES;
				GCC_WARN_UNUSED_VARIABLE = YES;
				IPHONEOS_DEPLOYMENT_TARGET = 7.0;
				SDKROOT = iphoneos;
				TARGETED_DEVICE_FAMILY = 2;
				VALIDATE_PRODUCT = YES;
			};
			name = Release;
		};
		BBE92D2118E341FC002ECA40 /* Debug */ = {
			isa = XCBuildConfiguration;
			buildSettings = {
				ASSETCATALOG_COMPILER_APPICON_NAME = AppIcon;
				ASSETCATALOG_COMPILER_LAUNCHIMAGE_NAME = LaunchImage;
				GCC_PRECOMPILE_PREFIX_HEADER = YES;
				GCC_PREFIX_HEADER = "Quest Travel/Quest Travel-Prefix.pch";
				INFOPLIST_FILE = "Quest Travel/Quest Travel-Info.plist";
				PRODUCT_NAME = "$(TARGET_NAME)";
				WRAPPER_EXTENSION = app;
			};
			name = Debug;
		};
		BBE92D2218E341FC002ECA40 /* Release */ = {
			isa = XCBuildConfiguration;
			buildSettings = {
				ASSETCATALOG_COMPILER_APPICON_NAME = AppIcon;
				ASSETCATALOG_COMPILER_LAUNCHIMAGE_NAME = LaunchImage;
				GCC_PRECOMPILE_PREFIX_HEADER = YES;
				GCC_PREFIX_HEADER = "Quest Travel/Quest Travel-Prefix.pch";
				INFOPLIST_FILE = "Quest Travel/Quest Travel-Info.plist";
				PRODUCT_NAME = "$(TARGET_NAME)";
				WRAPPER_EXTENSION = app;
			};
			name = Release;
		};
		BBE92D2418E341FC002ECA40 /* Debug */ = {
			isa = XCBuildConfiguration;
			buildSettings = {
				ARCHS = "$(ARCHS_STANDARD_INCLUDING_64_BIT)";
				BUNDLE_LOADER = "$(BUILT_PRODUCTS_DIR)/Quest Travel.app/Quest Travel";
				FRAMEWORK_SEARCH_PATHS = (
					"$(SDKROOT)/Developer/Library/Frameworks",
					"$(inherited)",
					"$(DEVELOPER_FRAMEWORKS_DIR)",
				);
				GCC_PRECOMPILE_PREFIX_HEADER = YES;
				GCC_PREFIX_HEADER = "Quest Travel/Quest Travel-Prefix.pch";
				GCC_PREPROCESSOR_DEFINITIONS = (
					"DEBUG=1",
					"$(inherited)",
				);
				INFOPLIST_FILE = "Quest TravelTests/Quest TravelTests-Info.plist";
				PRODUCT_NAME = "$(TARGET_NAME)";
				TEST_HOST = "$(BUNDLE_LOADER)";
				WRAPPER_EXTENSION = xctest;
			};
			name = Debug;
		};
		BBE92D2518E341FC002ECA40 /* Release */ = {
			isa = XCBuildConfiguration;
			buildSettings = {
				ARCHS = "$(ARCHS_STANDARD_INCLUDING_64_BIT)";
				BUNDLE_LOADER = "$(BUILT_PRODUCTS_DIR)/Quest Travel.app/Quest Travel";
				FRAMEWORK_SEARCH_PATHS = (
					"$(SDKROOT)/Developer/Library/Frameworks",
					"$(inherited)",
					"$(DEVELOPER_FRAMEWORKS_DIR)",
				);
				GCC_PRECOMPILE_PREFIX_HEADER = YES;
				GCC_PREFIX_HEADER = "Quest Travel/Quest Travel-Prefix.pch";
				INFOPLIST_FILE = "Quest TravelTests/Quest TravelTests-Info.plist";
				PRODUCT_NAME = "$(TARGET_NAME)";
				TEST_HOST = "$(BUNDLE_LOADER)";
				WRAPPER_EXTENSION = xctest;
			};
			name = Release;
		};
/* End XCBuildConfiguration section */

/* Begin XCConfigurationList section */
		BBE92CE918E341FC002ECA40 /* Build configuration list for PBXProject "Quest Travel" */ = {
			isa = XCConfigurationList;
			buildConfigurations = (
				BBE92D1E18E341FC002ECA40 /* Debug */,
				BBE92D1F18E341FC002ECA40 /* Release */,
			);
			defaultConfigurationIsVisible = 0;
			defaultConfigurationName = Release;
		};
		BBE92D2018E341FC002ECA40 /* Build configuration list for PBXNativeTarget "Quest Travel" */ = {
			isa = XCConfigurationList;
			buildConfigurations = (
				BBE92D2118E341FC002ECA40 /* Debug */,
				BBE92D2218E341FC002ECA40 /* Release */,
			);
			defaultConfigurationIsVisible = 0;
			defaultConfigurationName = Release;
		};
		BBE92D2318E341FC002ECA40 /* Build configuration list for PBXNativeTarget "Quest TravelTests" */ = {
			isa = XCConfigurationList;
			buildConfigurations = (
				BBE92D2418E341FC002ECA40 /* Debug */,
				BBE92D2518E341FC002ECA40 /* Release */,
			);
			defaultConfigurationIsVisible = 0;
			defaultConfigurationName = Release;
		};
/* End XCConfigurationList section */
	};
	rootObject = BBE92CE618E341FC002ECA40 /* Project object */;
}
